// !$*UTF8*$!
{
	archiveVersion = 1;
	classes = {
	};
	objectVersion = 50;
	objects = {

/* Begin PBXBuildFile section */
		29551388261E2C4200570BC9 /* AppDelegate.swift in Sources */ = {isa = PBXBuildFile; fileRef = 29551387261E2C4200570BC9 /* AppDelegate.swift */; };
		2955138A261E2C4200570BC9 /* SceneDelegate.swift in Sources */ = {isa = PBXBuildFile; fileRef = 29551389261E2C4200570BC9 /* SceneDelegate.swift */; };
		2955138C261E2C4200570BC9 /* ViewController.swift in Sources */ = {isa = PBXBuildFile; fileRef = 2955138B261E2C4200570BC9 /* ViewController.swift */; };
		2955138F261E2C4200570BC9 /* Main.storyboard in Resources */ = {isa = PBXBuildFile; fileRef = 2955138D261E2C4200570BC9 /* Main.storyboard */; };
		29551392261E2C4200570BC9 /* takingPictures.xcdatamodeld in Sources */ = {isa = PBXBuildFile; fileRef = 29551390261E2C4200570BC9 /* takingPictures.xcdatamodeld */; };
		29551394261E2C4600570BC9 /* Assets.xcassets in Resources */ = {isa = PBXBuildFile; fileRef = 29551393261E2C4600570BC9 /* Assets.xcassets */; };
		29551397261E2C4600570BC9 /* LaunchScreen.storyboard in Resources */ = {isa = PBXBuildFile; fileRef = 29551395261E2C4600570BC9 /* LaunchScreen.storyboard */; };
/* End PBXBuildFile section */

/* Begin PBXFileReference section */
		29551384261E2C4200570BC9 /* takingPictures.app */ = {isa = PBXFileReference; explicitFileType = wrapper.application; includeInIndex = 0; path = takingPictures.app; sourceTree = BUILT_PRODUCTS_DIR; };
		29551387261E2C4200570BC9 /* AppDelegate.swift */ = {isa = PBXFileReference; lastKnownFileType = sourcecode.swift; path = AppDelegate.swift; sourceTree = "<group>"; };
		29551389261E2C4200570BC9 /* SceneDelegate.swift */ = {isa = PBXFileReference; lastKnownFileType = sourcecode.swift; path = SceneDelegate.swift; sourceTree = "<group>"; };
		2955138B261E2C4200570BC9 /* ViewController.swift */ = {isa = PBXFileReference; lastKnownFileType = sourcecode.swift; path = ViewController.swift; sourceTree = "<group>"; };
		2955138E261E2C4200570BC9 /* Base */ = {isa = PBXFileReference; lastKnownFileType = file.storyboard; name = Base; path = Base.lproj/Main.storyboard; sourceTree = "<group>"; };
		29551391261E2C4200570BC9 /* takingPictures.xcdatamodel */ = {isa = PBXFileReference; lastKnownFileType = wrapper.xcdatamodel; path = takingPictures.xcdatamodel; sourceTree = "<group>"; };
		29551393261E2C4600570BC9 /* Assets.xcassets */ = {isa = PBXFileReference; lastKnownFileType = folder.assetcatalog; path = Assets.xcassets; sourceTree = "<group>"; };
		29551396261E2C4600570BC9 /* Base */ = {isa = PBXFileReference; lastKnownFileType = file.storyboard; name = Base; path = Base.lproj/LaunchScreen.storyboard; sourceTree = "<group>"; };
		29551398261E2C4600570BC9 /* Info.plist */ = {isa = PBXFileReference; lastKnownFileType = text.plist.xml; path = Info.plist; sourceTree = "<group>"; };
/* End PBXFileReference section */

/* Begin PBXFrameworksBuildPhase section */
		29551381261E2C4100570BC9 /* Frameworks */ = {
			isa = PBXFrameworksBuildPhase;
			buildActionMask = 2147483647;
			files = (
			);
			runOnlyForDeploymentPostprocessing = 0;
		};
/* End PBXFrameworksBuildPhase section */

/* Begin PBXGroup section */
		2955137B261E2C4100570BC9 = {
			isa = PBXGroup;
			children = (
				29551386261E2C4200570BC9 /* takingPictures */,
				29551385261E2C4200570BC9 /* Products */,
			);
			sourceTree = "<group>";
		};
		29551385261E2C4200570BC9 /* Products */ = {
			isa = PBXGroup;
			children = (
				29551384261E2C4200570BC9 /* takingPictures.app */,
			);
			name = Products;
			sourceTree = "<group>";
		};
		29551386261E2C4200570BC9 /* takingPictures */ = {
			isa = PBXGroup;
			children = (
				29551387261E2C4200570BC9 /* AppDelegate.swift */,
				29551389261E2C4200570BC9 /* SceneDelegate.swift */,
				2955138B261E2C4200570BC9 /* ViewController.swift */,
				2955138D261E2C4200570BC9 /* Main.storyboard */,
				29551393261E2C4600570BC9 /* Assets.xcassets */,
				29551395261E2C4600570BC9 /* LaunchScreen.storyboard */,
				29551398261E2C4600570BC9 /* Info.plist */,
				29551390261E2C4200570BC9 /* takingPictures.xcdatamodeld */,
			);
			path = takingPictures;
			sourceTree = "<group>";
		};
/* End PBXGroup section */

/* Begin PBXNativeTarget section */
		29551383261E2C4100570BC9 /* takingPictures */ = {
			isa = PBXNativeTarget;
			buildConfigurationList = 2955139B261E2C4600570BC9 /* Build configuration list for PBXNativeTarget "takingPictures" */;
			buildPhases = (
				29551380261E2C4100570BC9 /* Sources */,
				29551381261E2C4100570BC9 /* Frameworks */,
				29551382261E2C4100570BC9 /* Resources */,
			);
			buildRules = (
			);
			dependencies = (
			);
			name = takingPictures;
			productName = takingPictures;
			productReference = 29551384261E2C4200570BC9 /* takingPictures.app */;
			productType = "com.apple.product-type.application";
		};
/* End PBXNativeTarget section */

/* Begin PBXProject section */
		2955137C261E2C4100570BC9 /* Project object */ = {
			isa = PBXProject;
			attributes = {
				LastSwiftUpdateCheck = 1240;
				LastUpgradeCheck = 1240;
				TargetAttributes = {
					29551383261E2C4100570BC9 = {
						CreatedOnToolsVersion = 12.4;
					};
				};
			};
			buildConfigurationList = 2955137F261E2C4100570BC9 /* Build configuration list for PBXProject "takingPictures" */;
			compatibilityVersion = "Xcode 9.3";
			developmentRegion = en;
			hasScannedForEncodings = 0;
			knownRegions = (
				en,
				Base,
			);
			mainGroup = 2955137B261E2C4100570BC9;
			productRefGroup = 29551385261E2C4200570BC9 /* Products */;
			projectDirPath = "";
			projectRoot = "";
			targets = (
				29551383261E2C4100570BC9 /* takingPictures */,
			);
		};
/* End PBXProject section */

/* Begin PBXResourcesBuildPhase section */
		29551382261E2C4100570BC9 /* Resources */ = {
			isa = PBXResourcesBuildPhase;
			buildActionMask = 2147483647;
			files = (
				29551397261E2C4600570BC9 /* LaunchScreen.storyboard in Resources */,
				29551394261E2C4600570BC9 /* Assets.xcassets in Resources */,
				2955138F261E2C4200570BC9 /* Main.storyboard in Resources */,
			);
			runOnlyForDeploymentPostprocessing = 0;
		};
/* End PBXResourcesBuildPhase section */

/* Begin PBXSourcesBuildPhase section */
		29551380261E2C4100570BC9 /* Sources */ = {
			isa = PBXSourcesBuildPhase;
			buildActionMask = 2147483647;
			files = (
				29551392261E2C4200570BC9 /* takingPictures.xcdatamodeld in Sources */,
				2955138C261E2C4200570BC9 /* ViewController.swift in Sources */,
				29551388261E2C4200570BC9 /* AppDelegate.swift in Sources */,
				2955138A261E2C4200570BC9 /* SceneDelegate.swift in Sources */,
			);
			runOnlyForDeploymentPostprocessing = 0;
		};
/* End PBXSourcesBuildPhase section */

/* Begin PBXVariantGroup section */
		2955138D261E2C4200570BC9 /* Main.storyboard */ = {
			isa = PBXVariantGroup;
			children = (
				2955138E261E2C4200570BC9 /* Base */,
			);
			name = Main.storyboard;
			sourceTree = "<group>";
		};
		29551395261E2C4600570BC9 /* LaunchScreen.storyboard */ = {
			isa = PBXVariantGroup;
			children = (
				29551396261E2C4600570BC9 /* Base */,
			);
			name = LaunchScreen.storyboard;
			sourceTree = "<group>";
		};
/* End PBXVariantGroup section */

/* Begin XCBuildConfiguration section */
		29551399261E2C4600570BC9 /* Debug */ = {
			isa = XCBuildConfiguration;
			buildSettings = {
				ALWAYS_SEARCH_USER_PATHS = NO;
				CLANG_ANALYZER_NONNULL = YES;
				CLANG_ANALYZER_NUMBER_OBJECT_CONVERSION = YES_AGGRESSIVE;
				CLANG_CXX_LANGUAGE_STANDARD = "gnu++14";
				CLANG_CXX_LIBRARY = "libc++";
				CLANG_ENABLE_MODULES = YES;
				CLANG_ENABLE_OBJC_ARC = YES;
				CLANG_ENABLE_OBJC_WEAK = YES;
				CLANG_WARN_BLOCK_CAPTURE_AUTORELEASING = YES;
				CLANG_WARN_BOOL_CONVERSION = YES;
				CLANG_WARN_COMMA = YES;
				CLANG_WARN_CONSTANT_CONVERSION = YES;
				CLANG_WARN_DEPRECATED_OBJC_IMPLEMENTATIONS = YES;
				CLANG_WARN_DIRECT_OBJC_ISA_USAGE = YES_ERROR;
				CLANG_WARN_DOCUMENTATION_COMMENTS = YES;
				CLANG_WARN_EMPTY_BODY = YES;
				CLANG_WARN_ENUM_CONVERSION = YES;
				CLANG_WARN_INFINITE_RECURSION = YES;
				CLANG_WARN_INT_CONVERSION = YES;
				CLANG_WARN_NON_LITERAL_NULL_CONVERSION = YES;
				CLANG_WARN_OBJC_IMPLICIT_RETAIN_SELF = YES;
				CLANG_WARN_OBJC_LITERAL_CONVERSION = YES;
				CLANG_WARN_OBJC_ROOT_CLASS = YES_ERROR;
				CLANG_WARN_QUOTED_INCLUDE_IN_FRAMEWORK_HEADER = YES;
				CLANG_WARN_RANGE_LOOP_ANALYSIS = YES;
				CLANG_WARN_STRICT_PROTOTYPES = YES;
				CLANG_WARN_SUSPICIOUS_MOVE = YES;
				CLANG_WARN_UNGUARDED_AVAILABILITY = YES_AGGRESSIVE;
				CLANG_WARN_UNREACHABLE_CODE = YES;
				CLANG_WARN__DUPLICATE_METHOD_MATCH = YES;
				COPY_PHASE_STRIP = NO;
				DEBUG_INFORMATION_FORMAT = dwarf;
				ENABLE_STRICT_OBJC_MSGSEND = YES;
				ENABLE_TESTABILITY = YES;
				GCC_C_LANGUAGE_STANDARD = gnu11;
				GCC_DYNAMIC_NO_PIC = NO;
				GCC_NO_COMMON_BLOCKS = YES;
				GCC_OPTIMIZATION_LEVEL = 0;
				GCC_PREPROCESSOR_DEFINITIONS = (
					"DEBUG=1",
					"$(inherited)",
				);
				GCC_WARN_64_TO_32_BIT_CONVERSION = YES;
				GCC_WARN_ABOUT_RETURN_TYPE = YES_ERROR;
				GCC_WARN_UNDECLARED_SELECTOR = YES;
				GCC_WARN_UNINITIALIZED_AUTOS = YES_AGGRESSIVE;
				GCC_WARN_UNUSED_FUNCTION = YES;
				GCC_WARN_UNUSED_VARIABLE = YES;
				IPHONEOS_DEPLOYMENT_TARGET = 14.4;
				MTL_ENABLE_DEBUG_INFO = INCLUDE_SOURCE;
				MTL_FAST_MATH = YES;
				ONLY_ACTIVE_ARCH = YES;
				SDKROOT = iphoneos;
				SWIFT_ACTIVE_COMPILATION_CONDITIONS = DEBUG;
				SWIFT_OPTIMIZATION_LEVEL = "-Onone";
			};
			name = Debug;
		};
		2955139A261E2C4600570BC9 /* Release */ = {
			isa = XCBuildConfiguration;
			buildSettings = {
				ALWAYS_SEARCH_USER_PATHS = NO;
				CLANG_ANALYZER_NONNULL = YES;
				CLANG_ANALYZER_NUMBER_OBJECT_CONVERSION = YES_AGGRESSIVE;
				CLANG_CXX_LANGUAGE_STANDARD = "gnu++14";
				CLANG_CXX_LIBRARY = "libc++";
				CLANG_ENABLE_MODULES = YES;
				CLANG_ENABLE_OBJC_ARC = YES;
				CLANG_ENABLE_OBJC_WEAK = YES;
				CLANG_WARN_BLOCK_CAPTURE_AUTORELEASING = YES;
				CLANG_WARN_BOOL_CONVERSION = YES;
				CLANG_WARN_COMMA = YES;
				CLANG_WARN_CONSTANT_CONVERSION = YES;
				CLANG_WARN_DEPRECATED_OBJC_IMPLEMENTATIONS = YES;
				CLANG_WARN_DIRECT_OBJC_ISA_USAGE = YES_ERROR;
				CLANG_WARN_DOCUMENTATION_COMMENTS = YES;
				CLANG_WARN_EMPTY_BODY = YES;
				CLANG_WARN_ENUM_CONVERSION = YES;
				CLANG_WARN_INFINITE_RECURSION = YES;
				CLANG_WARN_INT_CONVERSION = YES;
				CLANG_WARN_NON_LITERAL_NULL_CONVERSION = YES;
				CLANG_WARN_OBJC_IMPLICIT_RETAIN_SELF = YES;
				CLANG_WARN_OBJC_LITERAL_CONVERSION = YES;
				CLANG_WARN_OBJC_ROOT_CLASS = YES_ERROR;
				CLANG_WARN_QUOTED_INCLUDE_IN_FRAMEWORK_HEADER = YES;
				CLANG_WARN_RANGE_LOOP_ANALYSIS = YES;
				CLANG_WARN_STRICT_PROTOTYPES = YES;
				CLANG_WARN_SUSPICIOUS_MOVE = YES;
				CLANG_WARN_UNGUARDED_AVAILABILITY = YES_AGGRESSIVE;
				CLANG_WARN_UNREACHABLE_CODE = YES;
				CLANG_WARN__DUPLICATE_METHOD_MATCH = YES;
				COPY_PHASE_STRIP = NO;
				DEBUG_INFORMATION_FORMAT = "dwarf-with-dsym";
				ENABLE_NS_ASSERTIONS = NO;
				ENABLE_STRICT_OBJC_MSGSEND = YES;
				GCC_C_LANGUAGE_STANDARD = gnu11;
				GCC_NO_COMMON_BLOCKS = YES;
				GCC_WARN_64_TO_32_BIT_CONVERSION = YES;
				GCC_WARN_ABOUT_RETURN_TYPE = YES_ERROR;
				GCC_WARN_UNDECLARED_SELECTOR = YES;
				GCC_WARN_UNINITIALIZED_AUTOS = YES_AGGRESSIVE;
				GCC_WARN_UNUSED_FUNCTION = YES;
				GCC_WARN_UNUSED_VARIABLE = YES;
				IPHONEOS_DEPLOYMENT_TARGET = 14.4;
				MTL_ENABLE_DEBUG_INFO = NO;
				MTL_FAST_MATH = YES;
				SDKROOT = iphoneos;
				SWIFT_COMPILATION_MODE = wholemodule;
				SWIFT_OPTIMIZATION_LEVEL = "-O";
				VALIDATE_PRODUCT = YES;
			};
			name = Release;
		};
		2955139C261E2C4600570BC9 /* Debug */ = {
			isa = XCBuildConfiguration;
			buildSettings = {
				ASSETCATALOG_COMPILER_APPICON_NAME = AppIcon;
				ASSETCATALOG_COMPILER_GLOBAL_ACCENT_COLOR_NAME = AccentColor;
				CODE_SIGN_STYLE = Automatic;
				DEVELOPMENT_TEAM = 4PM3QX7TX7;
				INFOPLIST_FILE = takingPictures/Info.plist;
				LD_RUNPATH_SEARCH_PATHS = (
					"$(inherited)",
					"@executable_path/Frameworks",
				);
				PRODUCT_BUNDLE_IDENTIFIER = littlewhelan.takingPictures;
				PRODUCT_NAME = "$(TARGET_NAME)";
				SWIFT_VERSION = 5.0;
				TARGETED_DEVICE_FAMILY = 1;
			};
			name = Debug;
		};
		2955139D261E2C4600570BC9 /* Release */ = {
			isa = XCBuildConfiguration;
			buildSettings = {
				ASSETCATALOG_COMPILER_APPICON_NAME = AppIcon;
				ASSETCATALOG_COMPILER_GLOBAL_ACCENT_COLOR_NAME = AccentColor;
				CODE_SIGN_STYLE = Automatic;
				DEVELOPMENT_TEAM = 4PM3QX7TX7;
				INFOPLIST_FILE = takingPictures/Info.plist;
				LD_RUNPATH_SEARCH_PATHS = (
					"$(inherited)",
					"@executable_path/Frameworks",
				);
				PRODUCT_BUNDLE_IDENTIFIER = littlewhelan.takingPictures;
				PRODUCT_NAME = "$(TARGET_NAME)";
				SWIFT_VERSION = 5.0;
				TARGETED_DEVICE_FAMILY = 1;
			};
			name = Release;
		};
/* End XCBuildConfiguration section */

/* Begin XCConfigurationList section */
		2955137F261E2C4100570BC9 /* Build configuration list for PBXProject "takingPictures" */ = {
			isa = XCConfigurationList;
			buildConfigurations = (
				29551399261E2C4600570BC9 /* Debug */,
				2955139A261E2C4600570BC9 /* Release */,
			);
			defaultConfigurationIsVisible = 0;
			defaultConfigurationName = Release;
		};
		2955139B261E2C4600570BC9 /* Build configuration list for PBXNativeTarget "takingPictures" */ = {
			isa = XCConfigurationList;
			buildConfigurations = (
				2955139C261E2C4600570BC9 /* Debug */,
				2955139D261E2C4600570BC9 /* Release */,
			);
			defaultConfigurationIsVisible = 0;
			defaultConfigurationName = Release;
		};
/* End XCConfigurationList section */

/* Begin XCVersionGroup section */
		29551390261E2C4200570BC9 /* takingPictures.xcdatamodeld */ = {
			isa = XCVersionGroup;
			children = (
				29551391261E2C4200570BC9 /* takingPictures.xcdatamodel */,
			);
			currentVersion = 29551391261E2C4200570BC9 /* takingPictures.xcdatamodel */;
			path = takingPictures.xcdatamodeld;
			sourceTree = "<group>";
			versionGroupType = wrapper.xcdatamodel;
		};
/* End XCVersionGroup section */
	};
	rootObject = 2955137C261E2C4100570BC9 /* Project object */;
}
