// !$*UTF8*$!
{
	archiveVersion = 1;
	classes = {
	};
	objectVersion = 51;
	objects = {

/* Begin PBXBuildFile section */
		2960EA2A25F8012A008ED34E /* BestBuyItem.swift in Sources */ = {isa = PBXBuildFile; fileRef = 2960EA2925F8012A008ED34E /* BestBuyItem.swift */; };
		2960EA2D25F8014F008ED34E /* BestBuyTableViewController.swift in Sources */ = {isa = PBXBuildFile; fileRef = 2960EA2C25F8014F008ED34E /* BestBuyTableViewController.swift */; };
		2960EB3C25F97430008ED34E /* ViewController.swift in Sources */ = {isa = PBXBuildFile; fileRef = 2960EB3B25F97430008ED34E /* ViewController.swift */; };
		29826E1925F7A864005EDF22 /* AppDelegate.swift in Sources */ = {isa = PBXBuildFile; fileRef = 29826E1825F7A864005EDF22 /* AppDelegate.swift */; };
		29826E1B25F7A864005EDF22 /* SceneDelegate.swift in Sources */ = {isa = PBXBuildFile; fileRef = 29826E1A25F7A864005EDF22 /* SceneDelegate.swift */; };
		29826E2025F7A864005EDF22 /* Main.storyboard in Resources */ = {isa = PBXBuildFile; fileRef = 29826E1E25F7A864005EDF22 /* Main.storyboard */; };
		29826E2225F7A868005EDF22 /* Assets.xcassets in Resources */ = {isa = PBXBuildFile; fileRef = 29826E2125F7A868005EDF22 /* Assets.xcassets */; };
		29826E2525F7A868005EDF22 /* LaunchScreen.storyboard in Resources */ = {isa = PBXBuildFile; fileRef = 29826E2325F7A868005EDF22 /* LaunchScreen.storyboard */; };
		CA091D059A9F3C8371633A00 /* Pods_SearchTestAlgolia.framework in Frameworks */ = {isa = PBXBuildFile; fileRef = 3398A832BD59ED9A8D3B8822 /* Pods_SearchTestAlgolia.framework */; };
/* End PBXBuildFile section */

/* Begin PBXFileReference section */
		05EECDFDBF25D8E99F90106E /* Pods-SearchTestAlgolia.debug.xcconfig */ = {isa = PBXFileReference; includeInIndex = 1; lastKnownFileType = text.xcconfig; name = "Pods-SearchTestAlgolia.debug.xcconfig"; path = "Target Support Files/Pods-SearchTestAlgolia/Pods-SearchTestAlgolia.debug.xcconfig"; sourceTree = "<group>"; };
		2960EA2925F8012A008ED34E /* BestBuyItem.swift */ = {isa = PBXFileReference; lastKnownFileType = sourcecode.swift; path = BestBuyItem.swift; sourceTree = "<group>"; };
		2960EA2C25F8014F008ED34E /* BestBuyTableViewController.swift */ = {isa = PBXFileReference; lastKnownFileType = sourcecode.swift; path = BestBuyTableViewController.swift; sourceTree = "<group>"; };
		2960EB3B25F97430008ED34E /* ViewController.swift */ = {isa = PBXFileReference; lastKnownFileType = sourcecode.swift; path = ViewController.swift; sourceTree = "<group>"; };
		29826E1525F7A864005EDF22 /* SearchTestAlgolia.app */ = {isa = PBXFileReference; explicitFileType = wrapper.application; includeInIndex = 0; path = SearchTestAlgolia.app; sourceTree = BUILT_PRODUCTS_DIR; };
		29826E1825F7A864005EDF22 /* AppDelegate.swift */ = {isa = PBXFileReference; lastKnownFileType = sourcecode.swift; path = AppDelegate.swift; sourceTree = "<group>"; };
		29826E1A25F7A864005EDF22 /* SceneDelegate.swift */ = {isa = PBXFileReference; lastKnownFileType = sourcecode.swift; path = SceneDelegate.swift; sourceTree = "<group>"; };
		29826E1F25F7A864005EDF22 /* Base */ = {isa = PBXFileReference; lastKnownFileType = file.storyboard; name = Base; path = Base.lproj/Main.storyboard; sourceTree = "<group>"; };
		29826E2125F7A868005EDF22 /* Assets.xcassets */ = {isa = PBXFileReference; lastKnownFileType = folder.assetcatalog; path = Assets.xcassets; sourceTree = "<group>"; };
		29826E2425F7A868005EDF22 /* Base */ = {isa = PBXFileReference; lastKnownFileType = file.storyboard; name = Base; path = Base.lproj/LaunchScreen.storyboard; sourceTree = "<group>"; };
		29826E2625F7A868005EDF22 /* Info.plist */ = {isa = PBXFileReference; lastKnownFileType = text.plist.xml; path = Info.plist; sourceTree = "<group>"; };
		3398A832BD59ED9A8D3B8822 /* Pods_SearchTestAlgolia.framework */ = {isa = PBXFileReference; explicitFileType = wrapper.framework; includeInIndex = 0; path = Pods_SearchTestAlgolia.framework; sourceTree = BUILT_PRODUCTS_DIR; };
		B311B7372CAA3C790A71D09E /* Pods-SearchTestAlgolia.release.xcconfig */ = {isa = PBXFileReference; includeInIndex = 1; lastKnownFileType = text.xcconfig; name = "Pods-SearchTestAlgolia.release.xcconfig"; path = "Target Support Files/Pods-SearchTestAlgolia/Pods-SearchTestAlgolia.release.xcconfig"; sourceTree = "<group>"; };
/* End PBXFileReference section */

/* Begin PBXFrameworksBuildPhase section */
		29826E1225F7A864005EDF22 /* Frameworks */ = {
			isa = PBXFrameworksBuildPhase;
			buildActionMask = 2147483647;
			files = (
				CA091D059A9F3C8371633A00 /* Pods_SearchTestAlgolia.framework in Frameworks */,
			);
			runOnlyForDeploymentPostprocessing = 0;
		};
/* End PBXFrameworksBuildPhase section */

/* Begin PBXGroup section */
		29826E0C25F7A864005EDF22 = {
			isa = PBXGroup;
			children = (
				29826E1725F7A864005EDF22 /* SearchTestAlgolia */,
				29826E1625F7A864005EDF22 /* Products */,
				439AA3E49BDB9D402706F475 /* Pods */,
				76119313ACAA55CB65402D38 /* Frameworks */,
			);
			sourceTree = "<group>";
		};
		29826E1625F7A864005EDF22 /* Products */ = {
			isa = PBXGroup;
			children = (
				29826E1525F7A864005EDF22 /* SearchTestAlgolia.app */,
			);
			name = Products;
			sourceTree = "<group>";
		};
		29826E1725F7A864005EDF22 /* SearchTestAlgolia */ = {
			isa = PBXGroup;
			children = (
				29826E1825F7A864005EDF22 /* AppDelegate.swift */,
				29826E1A25F7A864005EDF22 /* SceneDelegate.swift */,
				29826E1E25F7A864005EDF22 /* Main.storyboard */,
				29826E2125F7A868005EDF22 /* Assets.xcassets */,
				29826E2325F7A868005EDF22 /* LaunchScreen.storyboard */,
				29826E2625F7A868005EDF22 /* Info.plist */,
				2960EA2925F8012A008ED34E /* BestBuyItem.swift */,
				2960EA2C25F8014F008ED34E /* BestBuyTableViewController.swift */,
				2960EB3B25F97430008ED34E /* ViewController.swift */,
			);
			path = SearchTestAlgolia;
			sourceTree = "<group>";
		};
		439AA3E49BDB9D402706F475 /* Pods */ = {
			isa = PBXGroup;
			children = (
				05EECDFDBF25D8E99F90106E /* Pods-SearchTestAlgolia.debug.xcconfig */,
				B311B7372CAA3C790A71D09E /* Pods-SearchTestAlgolia.release.xcconfig */,
			);
			path = Pods;
			sourceTree = "<group>";
		};
		76119313ACAA55CB65402D38 /* Frameworks */ = {
			isa = PBXGroup;
			children = (
				3398A832BD59ED9A8D3B8822 /* Pods_SearchTestAlgolia.framework */,
			);
			name = Frameworks;
			sourceTree = "<group>";
		};
/* End PBXGroup section */

/* Begin PBXNativeTarget section */
		29826E1425F7A864005EDF22 /* SearchTestAlgolia */ = {
			isa = PBXNativeTarget;
			buildConfigurationList = 29826E2925F7A869005EDF22 /* Build configuration list for PBXNativeTarget "SearchTestAlgolia" */;
			buildPhases = (
				038B1A987AEE8CB22EFF60ED /* [CP] Check Pods Manifest.lock */,
				29826E1125F7A864005EDF22 /* Sources */,
				29826E1225F7A864005EDF22 /* Frameworks */,
				29826E1325F7A864005EDF22 /* Resources */,
				15134A86CE5E0D8977BA8F69 /* [CP] Embed Pods Frameworks */,
			);
			buildRules = (
			);
			dependencies = (
			);
			name = SearchTestAlgolia;
			productName = SearchTestAlgolia;
			productReference = 29826E1525F7A864005EDF22 /* SearchTestAlgolia.app */;
			productType = "com.apple.product-type.application";
		};
/* End PBXNativeTarget section */

/* Begin PBXProject section */
		29826E0D25F7A864005EDF22 /* Project object */ = {
			isa = PBXProject;
			attributes = {
				LastSwiftUpdateCheck = 1240;
				LastUpgradeCheck = 1240;
				TargetAttributes = {
					29826E1425F7A864005EDF22 = {
						CreatedOnToolsVersion = 12.4;
					};
				};
			};
			buildConfigurationList = 29826E1025F7A864005EDF22 /* Build configuration list for PBXProject "SearchTestAlgolia" */;
			compatibilityVersion = "Xcode 9.3";
			developmentRegion = en;
			hasScannedForEncodings = 0;
			knownRegions = (
				en,
				Base,
			);
			mainGroup = 29826E0C25F7A864005EDF22;
			productRefGroup = 29826E1625F7A864005EDF22 /* Products */;
			projectDirPath = "";
			projectRoot = "";
			targets = (
				29826E1425F7A864005EDF22 /* SearchTestAlgolia */,
			);
		};
/* End PBXProject section */

/* Begin PBXResourcesBuildPhase section */
		29826E1325F7A864005EDF22 /* Resources */ = {
			isa = PBXResourcesBuildPhase;
			buildActionMask = 2147483647;
			files = (
				29826E2525F7A868005EDF22 /* LaunchScreen.storyboard in Resources */,
				29826E2225F7A868005EDF22 /* Assets.xcassets in Resources */,
				29826E2025F7A864005EDF22 /* Main.storyboard in Resources */,
			);
			runOnlyForDeploymentPostprocessing = 0;
		};
/* End PBXResourcesBuildPhase section */

/* Begin PBXShellScriptBuildPhase section */
		038B1A987AEE8CB22EFF60ED /* [CP] Check Pods Manifest.lock */ = {
			isa = PBXShellScriptBuildPhase;
			buildActionMask = 2147483647;
			files = (
			);
			inputFileListPaths = (
			);
			inputPaths = (
				"${PODS_PODFILE_DIR_PATH}/Podfile.lock",
				"${PODS_ROOT}/Manifest.lock",
			);
			name = "[CP] Check Pods Manifest.lock";
			outputFileListPaths = (
			);
			outputPaths = (
				"$(DERIVED_FILE_DIR)/Pods-SearchTestAlgolia-checkManifestLockResult.txt",
			);
			runOnlyForDeploymentPostprocessing = 0;
			shellPath = /bin/sh;
			shellScript = "diff \"${PODS_PODFILE_DIR_PATH}/Podfile.lock\" \"${PODS_ROOT}/Manifest.lock\" > /dev/null\nif [ $? != 0 ] ; then\n    # print error to STDERR\n    echo \"error: The sandbox is not in sync with the Podfile.lock. Run 'pod install' or update your CocoaPods installation.\" >&2\n    exit 1\nfi\n# This output is used by Xcode 'outputs' to avoid re-running this script phase.\necho \"SUCCESS\" > \"${SCRIPT_OUTPUT_FILE_0}\"\n";
			showEnvVarsInLog = 0;
		};
		15134A86CE5E0D8977BA8F69 /* [CP] Embed Pods Frameworks */ = {
			isa = PBXShellScriptBuildPhase;
			buildActionMask = 2147483647;
			files = (
			);
			inputFileListPaths = (
				"${PODS_ROOT}/Target Support Files/Pods-SearchTestAlgolia/Pods-SearchTestAlgolia-frameworks-${CONFIGURATION}-input-files.xcfilelist",
			);
			name = "[CP] Embed Pods Frameworks";
			outputFileListPaths = (
				"${PODS_ROOT}/Target Support Files/Pods-SearchTestAlgolia/Pods-SearchTestAlgolia-frameworks-${CONFIGURATION}-output-files.xcfilelist",
			);
			runOnlyForDeploymentPostprocessing = 0;
			shellPath = /bin/sh;
			shellScript = "\"${PODS_ROOT}/Target Support Files/Pods-SearchTestAlgolia/Pods-SearchTestAlgolia-frameworks.sh\"\n";
			showEnvVarsInLog = 0;
		};
/* End PBXShellScriptBuildPhase section */

/* Begin PBXSourcesBuildPhase section */
		29826E1125F7A864005EDF22 /* Sources */ = {
			isa = PBXSourcesBuildPhase;
			buildActionMask = 2147483647;
			files = (
				2960EB3C25F97430008ED34E /* ViewController.swift in Sources */,
				2960EA2D25F8014F008ED34E /* BestBuyTableViewController.swift in Sources */,
				2960EA2A25F8012A008ED34E /* BestBuyItem.swift in Sources */,
				29826E1925F7A864005EDF22 /* AppDelegate.swift in Sources */,
				29826E1B25F7A864005EDF22 /* SceneDelegate.swift in Sources */,
			);
			runOnlyForDeploymentPostprocessing = 0;
		};
/* End PBXSourcesBuildPhase section */

/* Begin PBXVariantGroup section */
		29826E1E25F7A864005EDF22 /* Main.storyboard */ = {
			isa = PBXVariantGroup;
			children = (
				29826E1F25F7A864005EDF22 /* Base */,
			);
			name = Main.storyboard;
			sourceTree = "<group>";
		};
		29826E2325F7A868005EDF22 /* LaunchScreen.storyboard */ = {
			isa = PBXVariantGroup;
			children = (
				29826E2425F7A868005EDF22 /* Base */,
			);
			name = LaunchScreen.storyboard;
			sourceTree = "<group>";
		};
/* End PBXVariantGroup section */

/* Begin XCBuildConfiguration section */
		29826E2725F7A868005EDF22 /* Debug */ = {
			isa = XCBuildConfiguration;
			buildSettings = {
				ALWAYS_SEARCH_USER_PATHS = NO;
				CLANG_ANALYZER_NONNULL = YES;
				CLANG_ANALYZER_NUMBER_OBJECT_CONVERSION = YES_AGGRESSIVE;
				CLANG_CXX_LANGUAGE_STANDARD = "gnu++14";
				CLANG_CXX_LIBRARY = "libc++";
				CLANG_ENABLE_MODULES = YES;
				CLANG_ENABLE_OBJC_ARC = YES;
				CLANG_ENABLE_OBJC_WEAK = YES;
				CLANG_WARN_BLOCK_CAPTURE_AUTORELEASING = YES;
				CLANG_WARN_BOOL_CONVERSION = YES;
				CLANG_WARN_COMMA = YES;
				CLANG_WARN_CONSTANT_CONVERSION = YES;
				CLANG_WARN_DEPRECATED_OBJC_IMPLEMENTATIONS = YES;
				CLANG_WARN_DIRECT_OBJC_ISA_USAGE = YES_ERROR;
				CLANG_WARN_DOCUMENTATION_COMMENTS = YES;
				CLANG_WARN_EMPTY_BODY = YES;
				CLANG_WARN_ENUM_CONVERSION = YES;
				CLANG_WARN_INFINITE_RECURSION = YES;
				CLANG_WARN_INT_CONVERSION = YES;
				CLANG_WARN_NON_LITERAL_NULL_CONVERSION = YES;
				CLANG_WARN_OBJC_IMPLICIT_RETAIN_SELF = YES;
				CLANG_WARN_OBJC_LITERAL_CONVERSION = YES;
				CLANG_WARN_OBJC_ROOT_CLASS = YES_ERROR;
				CLANG_WARN_QUOTED_INCLUDE_IN_FRAMEWORK_HEADER = YES;
				CLANG_WARN_RANGE_LOOP_ANALYSIS = YES;
				CLANG_WARN_STRICT_PROTOTYPES = YES;
				CLANG_WARN_SUSPICIOUS_MOVE = YES;
				CLANG_WARN_UNGUARDED_AVAILABILITY = YES_AGGRESSIVE;
				CLANG_WARN_UNREACHABLE_CODE = YES;
				CLANG_WARN__DUPLICATE_METHOD_MATCH = YES;
				COPY_PHASE_STRIP = NO;
				DEBUG_INFORMATION_FORMAT = dwarf;
				ENABLE_STRICT_OBJC_MSGSEND = YES;
				ENABLE_TESTABILITY = YES;
				GCC_C_LANGUAGE_STANDARD = gnu11;
				GCC_DYNAMIC_NO_PIC = NO;
				GCC_NO_COMMON_BLOCKS = YES;
				GCC_OPTIMIZATION_LEVEL = 0;
				GCC_PREPROCESSOR_DEFINITIONS = (
					"DEBUG=1",
					"$(inherited)",
				);
				GCC_WARN_64_TO_32_BIT_CONVERSION = YES;
				GCC_WARN_ABOUT_RETURN_TYPE = YES_ERROR;
				GCC_WARN_UNDECLARED_SELECTOR = YES;
				GCC_WARN_UNINITIALIZED_AUTOS = YES_AGGRESSIVE;
				GCC_WARN_UNUSED_FUNCTION = YES;
				GCC_WARN_UNUSED_VARIABLE = YES;
				IPHONEOS_DEPLOYMENT_TARGET = 14.4;
				MTL_ENABLE_DEBUG_INFO = INCLUDE_SOURCE;
				MTL_FAST_MATH = YES;
				ONLY_ACTIVE_ARCH = YES;
				SDKROOT = iphoneos;
				SWIFT_ACTIVE_COMPILATION_CONDITIONS = DEBUG;
				SWIFT_OPTIMIZATION_LEVEL = "-Onone";
			};
			name = Debug;
		};
		29826E2825F7A868005EDF22 /* Release */ = {
			isa = XCBuildConfiguration;
			buildSettings = {
				ALWAYS_SEARCH_USER_PATHS = NO;
				CLANG_ANALYZER_NONNULL = YES;
				CLANG_ANALYZER_NUMBER_OBJECT_CONVERSION = YES_AGGRESSIVE;
				CLANG_CXX_LANGUAGE_STANDARD = "gnu++14";
				CLANG_CXX_LIBRARY = "libc++";
				CLANG_ENABLE_MODULES = YES;
				CLANG_ENABLE_OBJC_ARC = YES;
				CLANG_ENABLE_OBJC_WEAK = YES;
				CLANG_WARN_BLOCK_CAPTURE_AUTORELEASING = YES;
				CLANG_WARN_BOOL_CONVERSION = YES;
				CLANG_WARN_COMMA = YES;
				CLANG_WARN_CONSTANT_CONVERSION = YES;
				CLANG_WARN_DEPRECATED_OBJC_IMPLEMENTATIONS = YES;
				CLANG_WARN_DIRECT_OBJC_ISA_USAGE = YES_ERROR;
				CLANG_WARN_DOCUMENTATION_COMMENTS = YES;
				CLANG_WARN_EMPTY_BODY = YES;
				CLANG_WARN_ENUM_CONVERSION = YES;
				CLANG_WARN_INFINITE_RECURSION = YES;
				CLANG_WARN_INT_CONVERSION = YES;
				CLANG_WARN_NON_LITERAL_NULL_CONVERSION = YES;
				CLANG_WARN_OBJC_IMPLICIT_RETAIN_SELF = YES;
				CLANG_WARN_OBJC_LITERAL_CONVERSION = YES;
				CLANG_WARN_OBJC_ROOT_CLASS = YES_ERROR;
				CLANG_WARN_QUOTED_INCLUDE_IN_FRAMEWORK_HEADER = YES;
				CLANG_WARN_RANGE_LOOP_ANALYSIS = YES;
				CLANG_WARN_STRICT_PROTOTYPES = YES;
				CLANG_WARN_SUSPICIOUS_MOVE = YES;
				CLANG_WARN_UNGUARDED_AVAILABILITY = YES_AGGRESSIVE;
				CLANG_WARN_UNREACHABLE_CODE = YES;
				CLANG_WARN__DUPLICATE_METHOD_MATCH = YES;
				COPY_PHASE_STRIP = NO;
				DEBUG_INFORMATION_FORMAT = "dwarf-with-dsym";
				ENABLE_NS_ASSERTIONS = NO;
				ENABLE_STRICT_OBJC_MSGSEND = YES;
				GCC_C_LANGUAGE_STANDARD = gnu11;
				GCC_NO_COMMON_BLOCKS = YES;
				GCC_WARN_64_TO_32_BIT_CONVERSION = YES;
				GCC_WARN_ABOUT_RETURN_TYPE = YES_ERROR;
				GCC_WARN_UNDECLARED_SELECTOR = YES;
				GCC_WARN_UNINITIALIZED_AUTOS = YES_AGGRESSIVE;
				GCC_WARN_UNUSED_FUNCTION = YES;
				GCC_WARN_UNUSED_VARIABLE = YES;
				IPHONEOS_DEPLOYMENT_TARGET = 14.4;
				MTL_ENABLE_DEBUG_INFO = NO;
				MTL_FAST_MATH = YES;
				SDKROOT = iphoneos;
				SWIFT_COMPILATION_MODE = wholemodule;
				SWIFT_OPTIMIZATION_LEVEL = "-O";
				VALIDATE_PRODUCT = YES;
			};
			name = Release;
		};
		29826E2A25F7A869005EDF22 /* Debug */ = {
			isa = XCBuildConfiguration;
			baseConfigurationReference = 05EECDFDBF25D8E99F90106E /* Pods-SearchTestAlgolia.debug.xcconfig */;
			buildSettings = {
				ASSETCATALOG_COMPILER_APPICON_NAME = AppIcon;
				ASSETCATALOG_COMPILER_GLOBAL_ACCENT_COLOR_NAME = AccentColor;
				CODE_SIGN_STYLE = Automatic;
				DEVELOPMENT_TEAM = 4PM3QX7TX7;
				INFOPLIST_FILE = SearchTestAlgolia/Info.plist;
				IPHONEOS_DEPLOYMENT_TARGET = 13.0;
				LD_RUNPATH_SEARCH_PATHS = (
					"$(inherited)",
					"@executable_path/Frameworks",
				);
				PRODUCT_BUNDLE_IDENTIFIER = littlewhelan.SearchTestAlgolia;
				PRODUCT_NAME = "$(TARGET_NAME)";
				SWIFT_VERSION = 5.0;
				TARGETED_DEVICE_FAMILY = 1;
			};
			name = Debug;
		};
		29826E2B25F7A869005EDF22 /* Release */ = {
			isa = XCBuildConfiguration;
			baseConfigurationReference = B311B7372CAA3C790A71D09E /* Pods-SearchTestAlgolia.release.xcconfig */;
			buildSettings = {
				ASSETCATALOG_COMPILER_APPICON_NAME = AppIcon;
				ASSETCATALOG_COMPILER_GLOBAL_ACCENT_COLOR_NAME = AccentColor;
				CODE_SIGN_STYLE = Automatic;
				DEVELOPMENT_TEAM = 4PM3QX7TX7;
				INFOPLIST_FILE = SearchTestAlgolia/Info.plist;
				IPHONEOS_DEPLOYMENT_TARGET = 13.0;
				LD_RUNPATH_SEARCH_PATHS = (
					"$(inherited)",
					"@executable_path/Frameworks",
				);
				PRODUCT_BUNDLE_IDENTIFIER = littlewhelan.SearchTestAlgolia;
				PRODUCT_NAME = "$(TARGET_NAME)";
				SWIFT_VERSION = 5.0;
				TARGETED_DEVICE_FAMILY = 1;
			};
			name = Release;
		};
/* End XCBuildConfiguration section */

/* Begin XCConfigurationList section */
		29826E1025F7A864005EDF22 /* Build configuration list for PBXProject "SearchTestAlgolia" */ = {
			isa = XCConfigurationList;
			buildConfigurations = (
				29826E2725F7A868005EDF22 /* Debug */,
				29826E2825F7A868005EDF22 /* Release */,
			);
			defaultConfigurationIsVisible = 0;
			defaultConfigurationName = Release;
		};
		29826E2925F7A869005EDF22 /* Build configuration list for PBXNativeTarget "SearchTestAlgolia" */ = {
			isa = XCConfigurationList;
			buildConfigurations = (
				29826E2A25F7A869005EDF22 /* Debug */,
				29826E2B25F7A869005EDF22 /* Release */,
			);
			defaultConfigurationIsVisible = 0;
			defaultConfigurationName = Release;
		};
/* End XCConfigurationList section */
	};
	rootObject = 29826E0D25F7A864005EDF22 /* Project object */;
}
